<?xml version="1.0" encoding="utf-8"?>
<Project ToolsVersion="4.0" xmlns="http://schemas.microsoft.com/developer/msbuild/2003">
  <ItemGroup>
    <Filter Include="Managed">
      <UniqueIdentifier>{7b901012-8937-4396-a448-fc64e3d767b4}</UniqueIdentifier>
    </Filter>
    <Filter Include="Unmanaged">
      <UniqueIdentifier>{541c24a4-df02-4c0e-9367-359ad0af72e3}</UniqueIdentifier>
    </Filter>
    <Filter Include="Unmanaged\Header Files">
      <UniqueIdentifier>{7c85d88e-0e7a-4d30-a19b-c0d8d733995d}</UniqueIdentifier>
    </Filter>
    <Filter Include="Unmanaged\Source Files">
      <UniqueIdentifier>{8d061bcd-87d9-4299-95fb-f5cc6a705acc}</UniqueIdentifier>
    </Filter>
    <Filter Include="Managed\Source Files">
      <UniqueIdentifier>{4FC737F1-C7A5-4376-A066-2A32D752A2FF}</UniqueIdentifier>
      <Extensions>cpp;c;cc;cxx;def;odl;idl;hpj;bat;asm;asmx</Extensions>
    </Filter>
    <Filter Include="Managed\Header Files">
      <UniqueIdentifier>{93995380-89BD-4b04-88EB-625FBE52EBFB}</UniqueIdentifier>
      <Extensions>h;hh;hpp;hxx;hm;inl;inc;ipp;xsd</Extensions>
    </Filter>
  </ItemGroup>
  <ItemGroup>
    <ClInclude Include="Unmanaged\UM_DeviceInterface.h">
      <Filter>Unmanaged\Header Files</Filter>
    </ClInclude>
    <ClInclude Include="Unmanaged\UM_DeviceInterfaceEnumerator.h">
      <Filter>Unmanaged\Header Files</Filter>
    </ClInclude>
    <ClInclude Include="Unmanaged\UM_DevicePropertyBase.h">
      <Filter>Unmanaged\Header Files</Filter>
    </ClInclude>
    <ClInclude Include="Unmanaged\UM_Error.h">
      <Filter>Unmanaged\Header Files</Filter>
    </ClInclude>
    <ClInclude Include="Unmanaged\devpkey_description.h">
      <Filter>Unmanaged\Header Files</Filter>
    </ClInclude>
    <ClInclude Include="Unmanaged\Extensions.h">
      <Filter>Unmanaged\Header Files</Filter>
    </ClInclude>
    <ClInclude Include="Unmanaged\UM_Device.h">
      <Filter>Unmanaged\Header Files</Filter>
    </ClInclude>
    <ClInclude Include="Unmanaged\UM_DeviceClass.h">
      <Filter>Unmanaged\Header Files</Filter>
    </ClInclude>
    <ClInclude Include="Unmanaged\UM_DeviceClassEnumerator.h">
      <Filter>Unmanaged\Header Files</Filter>
    </ClInclude>
    <ClInclude Include="Unmanaged\UM_DeviceClassProperty.h">
      <Filter>Unmanaged\Header Files</Filter>
    </ClInclude>
    <ClInclude Include="Unmanaged\UM_DeviceDriver.h">
      <Filter>Unmanaged\Header Files</Filter>
    </ClInclude>
    <ClInclude Include="Unmanaged\UM_DeviceDriverEnumerator.h">
      <Filter>Unmanaged\Header Files</Filter>
    </ClInclude>
    <ClInclude Include="Unmanaged\UM_DeviceEnumerator.h">
      <Filter>Unmanaged\Header Files</Filter>
    </ClInclude>
    <ClInclude Include="Unmanaged\UM_DeviceEnumeratorEnumerator.h">
      <Filter>Unmanaged\Header Files</Filter>
    </ClInclude>
    <ClInclude Include="Unmanaged\UM_DeviceInstanceProperty.h">
      <Filter>Unmanaged\Header Files</Filter>
    </ClInclude>
    <ClInclude Include="Managed\DeviceEnumerator.h">
      <Filter>Managed\Header Files</Filter>
    </ClInclude>
    <ClInclude Include="Managed\Device.h">
      <Filter>Managed\Header Files</Filter>
    </ClInclude>
    <ClInclude Include="Managed\CfgMgrReturnValue.h">
      <Filter>Managed\Header Files</Filter>
    </ClInclude>
  </ItemGroup>
  <ItemGroup>
    <ClCompile Include="Managed\Device.cpp">
      <Filter>Managed\Source Files</Filter>
    </ClCompile>
    <ClCompile Include="Managed\DeviceEnumerator.cpp">
      <Filter>Managed\Source Files</Filter>
    </ClCompile>
    <ClCompile Include="Managed\AssemblyInfo.cpp">
      <Filter>Managed\Source Files</Filter>
    </ClCompile>
    <ClCompile Include="Unmanaged\UM_DeviceInterface.cpp">
      <Filter>Unmanaged\Source Files</Filter>
    </ClCompile>
    <ClCompile Include="Unmanaged\UM_DeviceInterfaceEnumerator.cpp">
      <Filter>Unmanaged\Source Files</Filter>
    </ClCompile>
    <ClCompile Include="Unmanaged\UM_DevicePropertyBase.cpp">
      <Filter>Unmanaged\Source Files</Filter>
    </ClCompile>
    <ClCompile Include="Unmanaged\UM_Error.cpp">
      <Filter>Unmanaged\Source Files</Filter>
    </ClCompile>
    <ClCompile Include="Unmanaged\Extensions.cpp">
      <Filter>Unmanaged\Source Files</Filter>
    </ClCompile>
    <ClCompile Include="Unmanaged\UM_Device.cpp">
      <Filter>Unmanaged\Source Files</Filter>
    </ClCompile>
    <ClCompile Include="Unmanaged\UM_DeviceClass.cpp">
      <Filter>Unmanaged\Source Files</Filter>
    </ClCompile>
    <ClCompile Include="Unmanaged\UM_DeviceClassEnumerator.cpp">
      <Filter>Unmanaged\Source Files</Filter>
    </ClCompile>
    <ClCompile Include="Unmanaged\UM_DeviceClassProperty.cpp">
      <Filter>Unmanaged\Source Files</Filter>
    </ClCompile>
    <ClCompile Include="Unmanaged\UM_DeviceDriver.cpp">
      <Filter>Unmanaged\Source Files</Filter>
    </ClCompile>
    <ClCompile Include="Unmanaged\UM_DeviceDriverEnumerator.cpp">
      <Filter>Unmanaged\Source Files</Filter>
    </ClCompile>
    <ClCompile Include="Unmanaged\UM_DeviceEnumerator.cpp">
      <Filter>Unmanaged\Source Files</Filter>
    </ClCompile>
    <ClCompile Include="Unmanaged\UM_DeviceEnumeratorEnumerator.cpp">
      <Filter>Unmanaged\Source Files</Filter>
    </ClCompile>
    <ClCompile Include="Unmanaged\UM_DeviceInstanceProperty.cpp">
      <Filter>Unmanaged\Source Files</Filter>
    </ClCompile>
  </ItemGroup>
</Project>