
Microsoft Visual Studio Solution File, Format Version 12.00
# Visual Studio Version 16
VisualStudioVersion = 16.0.28729.10
MinimumVisualStudioVersion = 10.0.40219.1
Project("{9A19103F-16F7-4668-BE54-9A1E7A4F7556}") = "WinScoutManagedCore", "WinScoutManagedCore\WinScoutManagedCore.csproj", "{86E95BA9-70CE-4DF5-AE2D-868FBA4C0207}"
EndProject
Project("{8BC9CEB8-8B4A-11D0-8D11-00A0C91BC942}") = "WinScoutNativeCore", "WinScoutNativeCore\WinScoutNativeCore.vcxproj", "{CB14211D-9B10-46D8-B4B5-238B83910D5F}"
EndProject
Project("{8BC9CEB8-8B4A-11D0-8D11-00A0C91BC942}") = "WinScoutNativeConsole", "WinScoutNativeConsole\WinScoutNativeConsole.vcxproj", "{30C15C66-6D30-456B-9224-77D11E075383}"
EndProject
Project("{2150E333-8FDC-42A3-9474-1A3956D46DE8}") = "Documentation", "Documentation", "{088F49A9-9D05-475D-A881-A46E4860BA6E}"
	ProjectSection(SolutionItems) = preProject
		Style.txt = Style.txt
	EndProjectSection
EndProject
Global
	GlobalSection(SolutionConfigurationPlatforms) = preSolution
		Debug|Any CPU = Debug|Any CPU
		Debug|ARM = Debug|ARM
		Debug|Win32 = Debug|Win32
		Debug|x64 = Debug|x64
		Debug|x86 = Debug|x86
		Release|Any CPU = Release|Any CPU
		Release|ARM = Release|ARM
		Release|Win32 = Release|Win32
		Release|x64 = Release|x64
		Release|x86 = Release|x86
	EndGlobalSection
	GlobalSection(ProjectConfigurationPlatforms) = postSolution
		{86E95BA9-70CE-4DF5-AE2D-868FBA4C0207}.Debug|Any CPU.ActiveCfg = Debug|Any CPU
		{86E95BA9-70CE-4DF5-AE2D-868FBA4C0207}.Debug|ARM.ActiveCfg = Debug|Any CPU
		{86E95BA9-70CE-4DF5-AE2D-868FBA4C0207}.Debug|ARM.Build.0 = Debug|Any CPU
		{86E95BA9-70CE-4DF5-AE2D-868FBA4C0207}.Debug|Win32.ActiveCfg = Debug|Any CPU
		{86E95BA9-70CE-4DF5-AE2D-868FBA4C0207}.Debug|Win32.Build.0 = Debug|Any CPU
		{86E95BA9-70CE-4DF5-AE2D-868FBA4C0207}.Debug|x64.ActiveCfg = Debug|Any CPU
		{86E95BA9-70CE-4DF5-AE2D-868FBA4C0207}.Debug|x86.ActiveCfg = Debug|Any CPU
		{86E95BA9-70CE-4DF5-AE2D-868FBA4C0207}.Debug|x86.Build.0 = Debug|Any CPU
		{86E95BA9-70CE-4DF5-AE2D-868FBA4C0207}.Release|Any CPU.ActiveCfg = Release|Any CPU
		{86E95BA9-70CE-4DF5-AE2D-868FBA4C0207}.Release|Any CPU.Build.0 = Release|Any CPU
		{86E95BA9-70CE-4DF5-AE2D-868FBA4C0207}.Release|ARM.ActiveCfg = Release|Any CPU
		{86E95BA9-70CE-4DF5-AE2D-868FBA4C0207}.Release|ARM.Build.0 = Release|Any CPU
		{86E95BA9-70CE-4DF5-AE2D-868FBA4C0207}.Release|Win32.ActiveCfg = Release|Any CPU
		{86E95BA9-70CE-4DF5-AE2D-868FBA4C0207}.Release|Win32.Build.0 = Release|Any CPU
		{86E95BA9-70CE-4DF5-AE2D-868FBA4C0207}.Release|x64.ActiveCfg = Release|Any CPU
		{86E95BA9-70CE-4DF5-AE2D-868FBA4C0207}.Release|x64.Build.0 = Release|Any CPU
		{86E95BA9-70CE-4DF5-AE2D-868FBA4C0207}.Release|x86.ActiveCfg = Release|Any CPU
		{86E95BA9-70CE-4DF5-AE2D-868FBA4C0207}.Release|x86.Build.0 = Release|Any CPU
		{CB14211D-9B10-46D8-B4B5-238B83910D5F}.Debug|Any CPU.ActiveCfg = Debug|x64
		{CB14211D-9B10-46D8-B4B5-238B83910D5F}.Debug|ARM.ActiveCfg = Debug|x64
		{CB14211D-9B10-46D8-B4B5-238B83910D5F}.Debug|Win32.ActiveCfg = Debug|Win32
		{CB14211D-9B10-46D8-B4B5-238B83910D5F}.Debug|Win32.Build.0 = Debug|Win32
		{CB14211D-9B10-46D8-B4B5-238B83910D5F}.Debug|x64.ActiveCfg = Debug|x64
		{CB14211D-9B10-46D8-B4B5-238B83910D5F}.Debug|x86.ActiveCfg = Debug|x64
		{CB14211D-9B10-46D8-B4B5-238B83910D5F}.Release|Any CPU.ActiveCfg = Release|x64
		{CB14211D-9B10-46D8-B4B5-238B83910D5F}.Release|ARM.ActiveCfg = Release|x64
		{CB14211D-9B10-46D8-B4B5-238B83910D5F}.Release|Win32.ActiveCfg = Release|Win32
		{CB14211D-9B10-46D8-B4B5-238B83910D5F}.Release|Win32.Build.0 = Release|Win32
		{CB14211D-9B10-46D8-B4B5-238B83910D5F}.Release|x64.ActiveCfg = Release|x64
		{CB14211D-9B10-46D8-B4B5-238B83910D5F}.Release|x64.Build.0 = Release|x64
		{CB14211D-9B10-46D8-B4B5-238B83910D5F}.Release|x86.ActiveCfg = Release|x64
		{30C15C66-6D30-456B-9224-77D11E075383}.Debug|Any CPU.ActiveCfg = Debug|Win32
		{30C15C66-6D30-456B-9224-77D11E075383}.Debug|Any CPU.Build.0 = Debug|Win32
		{30C15C66-6D30-456B-9224-77D11E075383}.Debug|ARM.ActiveCfg = Debug|Win32
		{30C15C66-6D30-456B-9224-77D11E075383}.Debug|Win32.ActiveCfg = Debug|Win32
		{30C15C66-6D30-456B-9224-77D11E075383}.Debug|Win32.Build.0 = Debug|Win32
		{30C15C66-6D30-456B-9224-77D11E075383}.Debug|x64.ActiveCfg = Debug|x64
		{30C15C66-6D30-456B-9224-77D11E075383}.Debug|x64.Build.0 = Debug|x64
		{30C15C66-6D30-456B-9224-77D11E075383}.Debug|x86.ActiveCfg = Debug|Win32
		{30C15C66-6D30-456B-9224-77D11E075383}.Debug|x86.Build.0 = Debug|Win32
		{30C15C66-6D30-456B-9224-77D11E075383}.Release|Any CPU.ActiveCfg = Release|Win32
		{30C15C66-6D30-456B-9224-77D11E075383}.Release|ARM.ActiveCfg = Release|Win32
		{30C15C66-6D30-456B-9224-77D11E075383}.Release|Win32.ActiveCfg = Release|Win32
		{30C15C66-6D30-456B-9224-77D11E075383}.Release|Win32.Build.0 = Release|Win32
		{30C15C66-6D30-456B-9224-77D11E075383}.Release|x64.ActiveCfg = Release|x64
		{30C15C66-6D30-456B-9224-77D11E075383}.Release|x64.Build.0 = Release|x64
		{30C15C66-6D30-456B-9224-77D11E075383}.Release|x86.ActiveCfg = Release|Win32
		{30C15C66-6D30-456B-9224-77D11E075383}.Release|x86.Build.0 = Release|Win32
	EndGlobalSection
	GlobalSection(SolutionProperties) = preSolution
		HideSolutionNode = FALSE
	EndGlobalSection
	GlobalSection(ExtensibilityGlobals) = postSolution
		SolutionGuid = {95057064-4429-4108-ADBC-B3C28FB57F19}
	EndGlobalSection
EndGlobal
